
Microsoft Visual Studio Solution File, Format Version 12.00
# Visual Studio 14
VisualStudioVersion = 14.0.25420.1
MinimumVisualStudioVersion = 10.0.40219.1
Project("{8BB2217D-0F2D-49D1-97BC-3654ED321F3B}") = "SaidOut.AspNetCore.HttpsWithStrictTransportSecurity", "src\SaidOut.AspNetCore.HttpsWithStrictTransportSecurity\SaidOut.AspNetCore.HttpsWithStrictTransportSecurity.xproj", "{230C0A8D-B3B3-4804-AB9E-E3DED212606E}"
EndProject
Project("{2150E333-8FDC-42A3-9474-1A3956D46DE8}") = "Tests", "Tests", "{B5495BA1-E9D8-4FF9-8DB2-0F6FDF0A55F5}"
EndProject
Project("{8BB2217D-0F2D-49D1-97BC-3654ED321F3B}") = "SaidOut.AspNetCore.HttpsWithStrictTransportSecurity.Tests", "test\SaidOut.AspNetCore.HttpsWithStrictTransportSecurity.Tests\SaidOut.AspNetCore.HttpsWithStrictTransportSecurity.Tests.xproj", "{877C4437-95B5-466D-B874-358AB737A2A6}"
EndProject
Project("{8BB2217D-0F2D-49D1-97BC-3654ED321F3B}") = "SaidOut.AspNetCore.HttpsWithStrictTransportSecurity.ManualTests", "test\SaidOut.AspNetCore.HttpsWithStrictTransportSecurity.ManualTests\SaidOut.AspNetCore.HttpsWithStrictTransportSecurity.ManualTests.xproj", "{93BBC316-9D47-4FA7-9C5C-24795C80F78E}"
EndProject
Project("{2150E333-8FDC-42A3-9474-1A3956D46DE8}") = "Solution Items", "Solution Items", "{3DC57D4B-E2F1-4D04-A09F-2C65A633A9E5}"
	ProjectSection(SolutionItems) = preProject
		global.json = global.json
		LICENSE = LICENSE
		README.md = README.md
	EndProjectSection
EndProject
Global
	GlobalSection(SolutionConfigurationPlatforms) = preSolution
		Debug|Any CPU = Debug|Any CPU
		Release|Any CPU = Release|Any CPU
	EndGlobalSection
	GlobalSection(ProjectConfigurationPlatforms) = postSolution
		{230C0A8D-B3B3-4804-AB9E-E3DED212606E}.Debug|Any CPU.ActiveCfg = Debug|Any CPU
		{230C0A8D-B3B3-4804-AB9E-E3DED212606E}.Debug|Any CPU.Build.0 = Debug|Any CPU
		{230C0A8D-B3B3-4804-AB9E-E3DED212606E}.Release|Any CPU.ActiveCfg = Release|Any CPU
		{230C0A8D-B3B3-4804-AB9E-E3DED212606E}.Release|Any CPU.Build.0 = Release|Any CPU
		{877C4437-95B5-466D-B874-358AB737A2A6}.Debug|Any CPU.ActiveCfg = Debug|Any CPU
		{877C4437-95B5-466D-B874-358AB737A2A6}.Debug|Any CPU.Build.0 = Debug|Any CPU
		{877C4437-95B5-466D-B874-358AB737A2A6}.Release|Any CPU.ActiveCfg = Release|Any CPU
		{877C4437-95B5-466D-B874-358AB737A2A6}.Release|Any CPU.Build.0 = Release|Any CPU
		{93BBC316-9D47-4FA7-9C5C-24795C80F78E}.Debug|Any CPU.ActiveCfg = Debug|Any CPU
		{93BBC316-9D47-4FA7-9C5C-24795C80F78E}.Debug|Any CPU.Build.0 = Debug|Any CPU
		{93BBC316-9D47-4FA7-9C5C-24795C80F78E}.Release|Any CPU.ActiveCfg = Release|Any CPU
		{93BBC316-9D47-4FA7-9C5C-24795C80F78E}.Release|Any CPU.Build.0 = Release|Any CPU
	EndGlobalSection
	GlobalSection(SolutionProperties) = preSolution
		HideSolutionNode = FALSE
	EndGlobalSection
	GlobalSection(NestedProjects) = preSolution
		{877C4437-95B5-466D-B874-358AB737A2A6} = {B5495BA1-E9D8-4FF9-8DB2-0F6FDF0A55F5}
		{93BBC316-9D47-4FA7-9C5C-24795C80F78E} = {B5495BA1-E9D8-4FF9-8DB2-0F6FDF0A55F5}
	EndGlobalSection
EndGlobal
